// !$*UTF8*$!
{
	archiveVersion = 1;
	classes = {
	};
	objectVersion = 50;
	objects = {

/* Begin PBXBuildFile section */
		549903F4219EBCFE00407E18 /* AppDelegate.swift in Sources */ = {isa = PBXBuildFile; fileRef = 549903F3219EBCFE00407E18 /* AppDelegate.swift */; };
		549903F6219EBCFE00407E18 /* ViewController.swift in Sources */ = {isa = PBXBuildFile; fileRef = 549903F5219EBCFE00407E18 /* ViewController.swift */; };
		549903F9219EBCFE00407E18 /* Main.storyboard in Resources */ = {isa = PBXBuildFile; fileRef = 549903F7219EBCFE00407E18 /* Main.storyboard */; };
		549903FC219EBCFE00407E18 /* cpt.xcdatamodeld in Sources */ = {isa = PBXBuildFile; fileRef = 549903FA219EBCFE00407E18 /* cpt.xcdatamodeld */; };
		549903FE219EBD0800407E18 /* Assets.xcassets in Resources */ = {isa = PBXBuildFile; fileRef = 549903FD219EBD0800407E18 /* Assets.xcassets */; };
		54990401219EBD0800407E18 /* LaunchScreen.storyboard in Resources */ = {isa = PBXBuildFile; fileRef = 549903FF219EBD0800407E18 /* LaunchScreen.storyboard */; };
		5499040C219EBD0800407E18 /* cptTests.swift in Sources */ = {isa = PBXBuildFile; fileRef = 5499040B219EBD0800407E18 /* cptTests.swift */; };
		54990417219EBD0800407E18 /* cptUITests.swift in Sources */ = {isa = PBXBuildFile; fileRef = 54990416219EBD0800407E18 /* cptUITests.swift */; };
/* End PBXBuildFile section */

/* Begin PBXContainerItemProxy section */
		54990408219EBD0800407E18 /* PBXContainerItemProxy */ = {
			isa = PBXContainerItemProxy;
			containerPortal = 549903E8219EBCFE00407E18 /* Project object */;
			proxyType = 1;
			remoteGlobalIDString = 549903EF219EBCFE00407E18;
			remoteInfo = cpt;
		};
		54990413219EBD0800407E18 /* PBXContainerItemProxy */ = {
			isa = PBXContainerItemProxy;
			containerPortal = 549903E8219EBCFE00407E18 /* Project object */;
			proxyType = 1;
			remoteGlobalIDString = 549903EF219EBCFE00407E18;
			remoteInfo = cpt;
		};
/* End PBXContainerItemProxy section */

/* Begin PBXFileReference section */
		549903F0219EBCFE00407E18 /* cpt.app */ = {isa = PBXFileReference; explicitFileType = wrapper.application; includeInIndex = 0; path = cpt.app; sourceTree = BUILT_PRODUCTS_DIR; };
		549903F3219EBCFE00407E18 /* AppDelegate.swift */ = {isa = PBXFileReference; lastKnownFileType = sourcecode.swift; path = AppDelegate.swift; sourceTree = "<group>"; };
		549903F5219EBCFE00407E18 /* ViewController.swift */ = {isa = PBXFileReference; lastKnownFileType = sourcecode.swift; path = ViewController.swift; sourceTree = "<group>"; };
		549903F8219EBCFE00407E18 /* Base */ = {isa = PBXFileReference; lastKnownFileType = file.storyboard; name = Base; path = Base.lproj/Main.storyboard; sourceTree = "<group>"; };
		549903FB219EBCFE00407E18 /* cpt.xcdatamodel */ = {isa = PBXFileReference; lastKnownFileType = wrapper.xcdatamodel; path = cpt.xcdatamodel; sourceTree = "<group>"; };
		549903FD219EBD0800407E18 /* Assets.xcassets */ = {isa = PBXFileReference; lastKnownFileType = folder.assetcatalog; path = Assets.xcassets; sourceTree = "<group>"; };
		54990400219EBD0800407E18 /* Base */ = {isa = PBXFileReference; lastKnownFileType = file.storyboard; name = Base; path = Base.lproj/LaunchScreen.storyboard; sourceTree = "<group>"; };
		54990402219EBD0800407E18 /* Info.plist */ = {isa = PBXFileReference; lastKnownFileType = text.plist.xml; path = Info.plist; sourceTree = "<group>"; };
		54990407219EBD0800407E18 /* cptTests.xctest */ = {isa = PBXFileReference; explicitFileType = wrapper.cfbundle; includeInIndex = 0; path = cptTests.xctest; sourceTree = BUILT_PRODUCTS_DIR; };
		5499040B219EBD0800407E18 /* cptTests.swift */ = {isa = PBXFileReference; lastKnownFileType = sourcecode.swift; path = cptTests.swift; sourceTree = "<group>"; };
		5499040D219EBD0800407E18 /* Info.plist */ = {isa = PBXFileReference; lastKnownFileType = text.plist.xml; path = Info.plist; sourceTree = "<group>"; };
		54990412219EBD0800407E18 /* cptUITests.xctest */ = {isa = PBXFileReference; explicitFileType = wrapper.cfbundle; includeInIndex = 0; path = cptUITests.xctest; sourceTree = BUILT_PRODUCTS_DIR; };
		54990416219EBD0800407E18 /* cptUITests.swift */ = {isa = PBXFileReference; lastKnownFileType = sourcecode.swift; path = cptUITests.swift; sourceTree = "<group>"; };
		54990418219EBD0800407E18 /* Info.plist */ = {isa = PBXFileReference; lastKnownFileType = text.plist.xml; path = Info.plist; sourceTree = "<group>"; };
/* End PBXFileReference section */

/* Begin PBXFrameworksBuildPhase section */
		549903ED219EBCFE00407E18 /* Frameworks */ = {
			isa = PBXFrameworksBuildPhase;
			buildActionMask = 2147483647;
			files = (
			);
			runOnlyForDeploymentPostprocessing = 0;
		};
		54990404219EBD0800407E18 /* Frameworks */ = {
			isa = PBXFrameworksBuildPhase;
			buildActionMask = 2147483647;
			files = (
			);
			runOnlyForDeploymentPostprocessing = 0;
		};
		5499040F219EBD0800407E18 /* Frameworks */ = {
			isa = PBXFrameworksBuildPhase;
			buildActionMask = 2147483647;
			files = (
			);
			runOnlyForDeploymentPostprocessing = 0;
		};
/* End PBXFrameworksBuildPhase section */

/* Begin PBXGroup section */
		549903E7219EBCFE00407E18 = {
			isa = PBXGroup;
			children = (
				549903F2219EBCFE00407E18 /* cpt */,
				5499040A219EBD0800407E18 /* cptTests */,
				54990415219EBD0800407E18 /* cptUITests */,
				549903F1219EBCFE00407E18 /* Products */,
			);
			sourceTree = "<group>";
		};
		549903F1219EBCFE00407E18 /* Products */ = {
			isa = PBXGroup;
			children = (
				549903F0219EBCFE00407E18 /* cpt.app */,
				54990407219EBD0800407E18 /* cptTests.xctest */,
				54990412219EBD0800407E18 /* cptUITests.xctest */,
			);
			name = Products;
			sourceTree = "<group>";
		};
		549903F2219EBCFE00407E18 /* cpt */ = {
			isa = PBXGroup;
			children = (
				549903F3219EBCFE00407E18 /* AppDelegate.swift */,
				549903F5219EBCFE00407E18 /* ViewController.swift */,
				549903F7219EBCFE00407E18 /* Main.storyboard */,
				549903FD219EBD0800407E18 /* Assets.xcassets */,
				549903FF219EBD0800407E18 /* LaunchScreen.storyboard */,
				54990402219EBD0800407E18 /* Info.plist */,
				549903FA219EBCFE00407E18 /* cpt.xcdatamodeld */,
			);
			path = cpt;
			sourceTree = "<group>";
		};
		5499040A219EBD0800407E18 /* cptTests */ = {
			isa = PBXGroup;
			children = (
				5499040B219EBD0800407E18 /* cptTests.swift */,
				5499040D219EBD0800407E18 /* Info.plist */,
			);
			path = cptTests;
			sourceTree = "<group>";
		};
		54990415219EBD0800407E18 /* cptUITests */ = {
			isa = PBXGroup;
			children = (
				54990416219EBD0800407E18 /* cptUITests.swift */,
				54990418219EBD0800407E18 /* Info.plist */,
			);
			path = cptUITests;
			sourceTree = "<group>";
		};
/* End PBXGroup section */

/* Begin PBXNativeTarget section */
		549903EF219EBCFE00407E18 /* cpt */ = {
			isa = PBXNativeTarget;
			buildConfigurationList = 5499041B219EBD0800407E18 /* Build configuration list for PBXNativeTarget "cpt" */;
			buildPhases = (
				549903EC219EBCFE00407E18 /* Sources */,
				549903ED219EBCFE00407E18 /* Frameworks */,
				549903EE219EBCFE00407E18 /* Resources */,
			);
			buildRules = (
			);
			dependencies = (
			);
			name = cpt;
			productName = cpt;
			productReference = 549903F0219EBCFE00407E18 /* cpt.app */;
			productType = "com.apple.product-type.application";
		};
		54990406219EBD0800407E18 /* cptTests */ = {
			isa = PBXNativeTarget;
			buildConfigurationList = 5499041E219EBD0800407E18 /* Build configuration list for PBXNativeTarget "cptTests" */;
			buildPhases = (
				54990403219EBD0800407E18 /* Sources */,
				54990404219EBD0800407E18 /* Frameworks */,
				54990405219EBD0800407E18 /* Resources */,
			);
			buildRules = (
			);
			dependencies = (
				54990409219EBD0800407E18 /* PBXTargetDependency */,
			);
			name = cptTests;
			productName = cptTests;
			productReference = 54990407219EBD0800407E18 /* cptTests.xctest */;
			productType = "com.apple.product-type.bundle.unit-test";
		};
		54990411219EBD0800407E18 /* cptUITests */ = {
			isa = PBXNativeTarget;
			buildConfigurationList = 54990421219EBD0800407E18 /* Build configuration list for PBXNativeTarget "cptUITests" */;
			buildPhases = (
				5499040E219EBD0800407E18 /* Sources */,
				5499040F219EBD0800407E18 /* Frameworks */,
				54990410219EBD0800407E18 /* Resources */,
			);
			buildRules = (
			);
			dependencies = (
				54990414219EBD0800407E18 /* PBXTargetDependency */,
			);
			name = cptUITests;
			productName = cptUITests;
			productReference = 54990412219EBD0800407E18 /* cptUITests.xctest */;
			productType = "com.apple.product-type.bundle.ui-testing";
		};
/* End PBXNativeTarget section */

/* Begin PBXProject section */
		549903E8219EBCFE00407E18 /* Project object */ = {
			isa = PBXProject;
			attributes = {
				LastSwiftUpdateCheck = 1010;
				LastUpgradeCheck = 1010;
				ORGANIZATIONNAME = 20161104578;
				TargetAttributes = {
					549903EF219EBCFE00407E18 = {
						CreatedOnToolsVersion = 10.1;
					};
					54990406219EBD0800407E18 = {
						CreatedOnToolsVersion = 10.1;
						TestTargetID = 549903EF219EBCFE00407E18;
					};
					54990411219EBD0800407E18 = {
						CreatedOnToolsVersion = 10.1;
						TestTargetID = 549903EF219EBCFE00407E18;
					};
				};
			};
			buildConfigurationList = 549903EB219EBCFE00407E18 /* Build configuration list for PBXProject "cpt" */;
			compatibilityVersion = "Xcode 9.3";
			developmentRegion = en;
			hasScannedForEncodings = 0;
			knownRegions = (
				en,
				Base,
			);
			mainGroup = 549903E7219EBCFE00407E18;
			productRefGroup = 549903F1219EBCFE00407E18 /* Products */;
			projectDirPath = "";
			projectRoot = "";
			targets = (
				549903EF219EBCFE00407E18 /* cpt */,
				54990406219EBD0800407E18 /* cptTests */,
				54990411219EBD0800407E18 /* cptUITests */,
			);
		};
/* End PBXProject section */

/* Begin PBXResourcesBuildPhase section */
		549903EE219EBCFE00407E18 /* Resources */ = {
			isa = PBXResourcesBuildPhase;
			buildActionMask = 2147483647;
			files = (
				54990401219EBD0800407E18 /* LaunchScreen.storyboard in Resources */,
				549903FE219EBD0800407E18 /* Assets.xcassets in Resources */,
				549903F9219EBCFE00407E18 /* Main.storyboard in Resources */,
			);
			runOnlyForDeploymentPostprocessing = 0;
		};
		54990405219EBD0800407E18 /* Resources */ = {
			isa = PBXResourcesBuildPhase;
			buildActionMask = 2147483647;
			files = (
			);
			runOnlyForDeploymentPostprocessing = 0;
		};
		54990410219EBD0800407E18 /* Resources */ = {
			isa = PBXResourcesBuildPhase;
			buildActionMask = 2147483647;
			files = (
			);
			runOnlyForDeploymentPostprocessing = 0;
		};
/* End PBXResourcesBuildPhase section */

/* Begin PBXSourcesBuildPhase section */
		549903EC219EBCFE00407E18 /* Sources */ = {
			isa = PBXSourcesBuildPhase;
			buildActionMask = 2147483647;
			files = (
				549903F6219EBCFE00407E18 /* ViewController.swift in Sources */,
				549903F4219EBCFE00407E18 /* AppDelegate.swift in Sources */,
				549903FC219EBCFE00407E18 /* cpt.xcdatamodeld in Sources */,
			);
			runOnlyForDeploymentPostprocessing = 0;
		};
		54990403219EBD0800407E18 /* Sources */ = {
			isa = PBXSourcesBuildPhase;
			buildActionMask = 2147483647;
			files = (
				5499040C219EBD0800407E18 /* cptTests.swift in Sources */,
			);
			runOnlyForDeploymentPostprocessing = 0;
		};
		5499040E219EBD0800407E18 /* Sources */ = {
			isa = PBXSourcesBuildPhase;
			buildActionMask = 2147483647;
			files = (
				54990417219EBD0800407E18 /* cptUITests.swift in Sources */,
			);
			runOnlyForDeploymentPostprocessing = 0;
		};
/* End PBXSourcesBuildPhase section */

/* Begin PBXTargetDependency section */
		54990409219EBD0800407E18 /* PBXTargetDependency */ = {
			isa = PBXTargetDependency;
			target = 549903EF219EBCFE00407E18 /* cpt */;
			targetProxy = 54990408219EBD0800407E18 /* PBXContainerItemProxy */;
		};
		54990414219EBD0800407E18 /* PBXTargetDependency */ = {
			isa = PBXTargetDependency;
			target = 549903EF219EBCFE00407E18 /* cpt */;
			targetProxy = 54990413219EBD0800407E18 /* PBXContainerItemProxy */;
		};
/* End PBXTargetDependency section */

/* Begin PBXVariantGroup section */
		549903F7219EBCFE00407E18 /* Main.storyboard */ = {
			isa = PBXVariantGroup;
			children = (
				549903F8219EBCFE00407E18 /* Base */,
			);
			name = Main.storyboard;
			sourceTree = "<group>";
		};
		549903FF219EBD0800407E18 /* LaunchScreen.storyboard */ = {
			isa = PBXVariantGroup;
			children = (
				54990400219EBD0800407E18 /* Base */,
			);
			name = LaunchScreen.storyboard;
			sourceTree = "<group>";
		};
/* End PBXVariantGroup section */

/* Begin XCBuildConfiguration section */
		54990419219EBD0800407E18 /* Debug */ = {
			isa = XCBuildConfiguration;
			buildSettings = {
				ALWAYS_SEARCH_USER_PATHS = NO;
				CLANG_ANALYZER_NONNULL = YES;
				CLANG_ANALYZER_NUMBER_OBJECT_CONVERSION = YES_AGGRESSIVE;
				CLANG_CXX_LANGUAGE_STANDARD = "gnu++14";
				CLANG_CXX_LIBRARY = "libc++";
				CLANG_ENABLE_MODULES = YES;
				CLANG_ENABLE_OBJC_ARC = YES;
				CLANG_ENABLE_OBJC_WEAK = YES;
				CLANG_WARN_BLOCK_CAPTURE_AUTORELEASING = YES;
				CLANG_WARN_BOOL_CONVERSION = YES;
				CLANG_WARN_COMMA = YES;
				CLANG_WARN_CONSTANT_CONVERSION = YES;
				CLANG_WARN_DEPRECATED_OBJC_IMPLEMENTATIONS = YES;
				CLANG_WARN_DIRECT_OBJC_ISA_USAGE = YES_ERROR;
				CLANG_WARN_DOCUMENTATION_COMMENTS = YES;
				CLANG_WARN_EMPTY_BODY = YES;
				CLANG_WARN_ENUM_CONVERSION = YES;
				CLANG_WARN_INFINITE_RECURSION = YES;
				CLANG_WARN_INT_CONVERSION = YES;
				CLANG_WARN_NON_LITERAL_NULL_CONVERSION = YES;
				CLANG_WARN_OBJC_IMPLICIT_RETAIN_SELF = YES;
				CLANG_WARN_OBJC_LITERAL_CONVERSION = YES;
				CLANG_WARN_OBJC_ROOT_CLASS = YES_ERROR;
				CLANG_WARN_RANGE_LOOP_ANALYSIS = YES;
				CLANG_WARN_STRICT_PROTOTYPES = YES;
				CLANG_WARN_SUSPICIOUS_MOVE = YES;
				CLANG_WARN_UNGUARDED_AVAILABILITY = YES_AGGRESSIVE;
				CLANG_WARN_UNREACHABLE_CODE = YES;
				CLANG_WARN__DUPLICATE_METHOD_MATCH = YES;
				CODE_SIGN_IDENTITY = "iPhone Developer";
				COPY_PHASE_STRIP = NO;
				DEBUG_INFORMATION_FORMAT = dwarf;
				ENABLE_STRICT_OBJC_MSGSEND = YES;
				ENABLE_TESTABILITY = YES;
				GCC_C_LANGUAGE_STANDARD = gnu11;
				GCC_DYNAMIC_NO_PIC = NO;
				GCC_NO_COMMON_BLOCKS = YES;
				GCC_OPTIMIZATION_LEVEL = 0;
				GCC_PREPROCESSOR_DEFINITIONS = (
					"DEBUG=1",
					"$(inherited)",
				);
				GCC_WARN_64_TO_32_BIT_CONVERSION = YES;
				GCC_WARN_ABOUT_RETURN_TYPE = YES_ERROR;
				GCC_WARN_UNDECLARED_SELECTOR = YES;
				GCC_WARN_UNINITIALIZED_AUTOS = YES_AGGRESSIVE;
				GCC_WARN_UNUSED_FUNCTION = YES;
				GCC_WARN_UNUSED_VARIABLE = YES;
				IPHONEOS_DEPLOYMENT_TARGET = 12.1;
				MTL_ENABLE_DEBUG_INFO = INCLUDE_SOURCE;
				MTL_FAST_MATH = YES;
				ONLY_ACTIVE_ARCH = YES;
				SDKROOT = iphoneos;
				SWIFT_ACTIVE_COMPILATION_CONDITIONS = DEBUG;
				SWIFT_OPTIMIZATION_LEVEL = "-Onone";
			};
			name = Debug;
		};
		5499041A219EBD0800407E18 /* Release */ = {
			isa = XCBuildConfiguration;
			buildSettings = {
				ALWAYS_SEARCH_USER_PATHS = NO;
				CLANG_ANALYZER_NONNULL = YES;
				CLANG_ANALYZER_NUMBER_OBJECT_CONVERSION = YES_AGGRESSIVE;
				CLANG_CXX_LANGUAGE_STANDARD = "gnu++14";
				CLANG_CXX_LIBRARY = "libc++";
				CLANG_ENABLE_MODULES = YES;
				CLANG_ENABLE_OBJC_ARC = YES;
				CLANG_ENABLE_OBJC_WEAK = YES;
				CLANG_WARN_BLOCK_CAPTURE_AUTORELEASING = YES;
				CLANG_WARN_BOOL_CONVERSION = YES;
				CLANG_WARN_COMMA = YES;
				CLANG_WARN_CONSTANT_CONVERSION = YES;
				CLANG_WARN_DEPRECATED_OBJC_IMPLEMENTATIONS = YES;
				CLANG_WARN_DIRECT_OBJC_ISA_USAGE = YES_ERROR;
				CLANG_WARN_DOCUMENTATION_COMMENTS = YES;
				CLANG_WARN_EMPTY_BODY = YES;
				CLANG_WARN_ENUM_CONVERSION = YES;
				CLANG_WARN_INFINITE_RECURSION = YES;
				CLANG_WARN_INT_CONVERSION = YES;
				CLANG_WARN_NON_LITERAL_NULL_CONVERSION = YES;
				CLANG_WARN_OBJC_IMPLICIT_RETAIN_SELF = YES;
				CLANG_WARN_OBJC_LITERAL_CONVERSION = YES;
				CLANG_WARN_OBJC_ROOT_CLASS = YES_ERROR;
				CLANG_WARN_RANGE_LOOP_ANALYSIS = YES;
				CLANG_WARN_STRICT_PROTOTYPES = YES;
				CLANG_WARN_SUSPICIOUS_MOVE = YES;
				CLANG_WARN_UNGUARDED_AVAILABILITY = YES_AGGRESSIVE;
				CLANG_WARN_UNREACHABLE_CODE = YES;
				CLANG_WARN__DUPLICATE_METHOD_MATCH = YES;
				CODE_SIGN_IDENTITY = "iPhone Developer";
				COPY_PHASE_STRIP = NO;
				DEBUG_INFORMATION_FORMAT = "dwarf-with-dsym";
				ENABLE_NS_ASSERTIONS = NO;
				ENABLE_STRICT_OBJC_MSGSEND = YES;
				GCC_C_LANGUAGE_STANDARD = gnu11;
				GCC_NO_COMMON_BLOCKS = YES;
				GCC_WARN_64_TO_32_BIT_CONVERSION = YES;
				GCC_WARN_ABOUT_RETURN_TYPE = YES_ERROR;
				GCC_WARN_UNDECLARED_SELECTOR = YES;
				GCC_WARN_UNINITIALIZED_AUTOS = YES_AGGRESSIVE;
				GCC_WARN_UNUSED_FUNCTION = YES;
				GCC_WARN_UNUSED_VARIABLE = YES;
				IPHONEOS_DEPLOYMENT_TARGET = 12.1;
				MTL_ENABLE_DEBUG_INFO = NO;
				MTL_FAST_MATH = YES;
				SDKROOT = iphoneos;
				SWIFT_COMPILATION_MODE = wholemodule;
				SWIFT_OPTIMIZATION_LEVEL = "-O";
				VALIDATE_PRODUCT = YES;
			};
			name = Release;
		};
		5499041C219EBD0800407E18 /* Debug */ = {
			isa = XCBuildConfiguration;
			buildSettings = {
				ASSETCATALOG_COMPILER_APPICON_NAME = AppIcon;
				CODE_SIGN_STYLE = Automatic;
				INFOPLIST_FILE = cpt/Info.plist;
				LD_RUNPATH_SEARCH_PATHS = (
					"$(inherited)",
					"@executable_path/Frameworks",
				);
				PRODUCT_BUNDLE_IDENTIFIER = cq.cpt;
				PRODUCT_NAME = "$(TARGET_NAME)";
				SWIFT_VERSION = 4.2;
				TARGETED_DEVICE_FAMILY = "1,2";
			};
			name = Debug;
		};
		5499041D219EBD0800407E18 /* Release */ = {
			isa = XCBuildConfiguration;
			buildSettings = {
				ASSETCATALOG_COMPILER_APPICON_NAME = AppIcon;
				CODE_SIGN_STYLE = Automatic;
				INFOPLIST_FILE = cpt/Info.plist;
				LD_RUNPATH_SEARCH_PATHS = (
					"$(inherited)",
					"@executable_path/Frameworks",
				);
				PRODUCT_BUNDLE_IDENTIFIER = cq.cpt;
				PRODUCT_NAME = "$(TARGET_NAME)";
				SWIFT_VERSION = 4.2;
				TARGETED_DEVICE_FAMILY = "1,2";
			};
			name = Release;
		};
		5499041F219EBD0800407E18 /* Debug */ = {
			isa = XCBuildConfiguration;
			buildSettings = {
				ALWAYS_EMBED_SWIFT_STANDARD_LIBRARIES = YES;
				BUNDLE_LOADER = "$(TEST_HOST)";
				CODE_SIGN_STYLE = Automatic;
				INFOPLIST_FILE = cptTests/Info.plist;
				LD_RUNPATH_SEARCH_PATHS = (
					"$(inherited)",
					"@executable_path/Frameworks",
					"@loader_path/Frameworks",
				);
				PRODUCT_BUNDLE_IDENTIFIER = cq.cptTests;
				PRODUCT_NAME = "$(TARGET_NAME)";
				SWIFT_VERSION = 4.2;
				TARGETED_DEVICE_FAMILY = "1,2";
				TEST_HOST = "$(BUILT_PRODUCTS_DIR)/cpt.app/cpt";
			};
			name = Debug;
		};
		54990420219EBD0800407E18 /* Release */ = {
			isa = XCBuildConfiguration;
			buildSettings = {
				ALWAYS_EMBED_SWIFT_STANDARD_LIBRARIES = YES;
				BUNDLE_LOADER = "$(TEST_HOST)";
				CODE_SIGN_STYLE = Automatic;
				INFOPLIST_FILE = cptTests/Info.plist;
				LD_RUNPATH_SEARCH_PATHS = (
					"$(inherited)",
					"@executable_path/Frameworks",
					"@loader_path/Frameworks",
				);
				PRODUCT_BUNDLE_IDENTIFIER = cq.cptTests;
				PRODUCT_NAME = "$(TARGET_NAME)";
				SWIFT_VERSION = 4.2;
				TARGETED_DEVICE_FAMILY = "1,2";
				TEST_HOST = "$(BUILT_PRODUCTS_DIR)/cpt.app/cpt";
			};
			name = Release;
		};
		54990422219EBD0800407E18 /* Debug */ = {
			isa = XCBuildConfiguration;
			buildSettings = {
				ALWAYS_EMBED_SWIFT_STANDARD_LIBRARIES = YES;
				CODE_SIGN_STYLE = Automatic;
				INFOPLIST_FILE = cptUITests/Info.plist;
				LD_RUNPATH_SEARCH_PATHS = (
					"$(inherited)",
					"@executable_path/Frameworks",
					"@loader_path/Frameworks",
				);
				PRODUCT_BUNDLE_IDENTIFIER = cq.cptUITests;
				PRODUCT_NAME = "$(TARGET_NAME)";
				SWIFT_VERSION = 4.2;
				TARGETED_DEVICE_FAMILY = "1,2";
				TEST_TARGET_NAME = cpt;
			};
			name = Debug;
		};
		54990423219EBD0800407E18 /* Release */ = {
			isa = XCBuildConfiguration;
			buildSettings = {
				ALWAYS_EMBED_SWIFT_STANDARD_LIBRARIES = YES;
				CODE_SIGN_STYLE = Automatic;
				INFOPLIST_FILE = cptUITests/Info.plist;
				LD_RUNPATH_SEARCH_PATHS = (
					"$(inherited)",
					"@executable_path/Frameworks",
					"@loader_path/Frameworks",
				);
				PRODUCT_BUNDLE_IDENTIFIER = cq.cptUITests;
				PRODUCT_NAME = "$(TARGET_NAME)";
				SWIFT_VERSION = 4.2;
				TARGETED_DEVICE_FAMILY = "1,2";
				TEST_TARGET_NAME = cpt;
			};
			name = Release;
		};
/* End XCBuildConfiguration section */

/* Begin XCConfigurationList section */
		549903EB219EBCFE00407E18 /* Build configuration list for PBXProject "cpt" */ = {
			isa = XCConfigurationList;
			buildConfigurations = (
				54990419219EBD0800407E18 /* Debug */,
				5499041A219EBD0800407E18 /* Release */,
			);
			defaultConfigurationIsVisible = 0;
			defaultConfigurationName = Release;
		};
		5499041B219EBD0800407E18 /* Build configuration list for PBXNativeTarget "cpt" */ = {
			isa = XCConfigurationList;
			buildConfigurations = (
				5499041C219EBD0800407E18 /* Debug */,
				5499041D219EBD0800407E18 /* Release */,
			);
			defaultConfigurationIsVisible = 0;
			defaultConfigurationName = Release;
		};
		5499041E219EBD0800407E18 /* Build configuration list for PBXNativeTarget "cptTests" */ = {
			isa = XCConfigurationList;
			buildConfigurations = (
				5499041F219EBD0800407E18 /* Debug */,
				54990420219EBD0800407E18 /* Release */,
			);
			defaultConfigurationIsVisible = 0;
			defaultConfigurationName = Release;
		};
		54990421219EBD0800407E18 /* Build configuration list for PBXNativeTarget "cptUITests" */ = {
			isa = XCConfigurationList;
			buildConfigurations = (
				54990422219EBD0800407E18 /* Debug */,
				54990423219EBD0800407E18 /* Release */,
			);
			defaultConfigurationIsVisible = 0;
			defaultConfigurationName = Release;
		};
/* End XCConfigurationList section */

/* Begin XCVersionGroup section */
		549903FA219EBCFE00407E18 /* cpt.xcdatamodeld */ = {
			isa = XCVersionGroup;
			children = (
				549903FB219EBCFE00407E18 /* cpt.xcdatamodel */,
			);
			currentVersion = 549903FB219EBCFE00407E18 /* cpt.xcdatamodel */;
			path = cpt.xcdatamodeld;
			sourceTree = "<group>";
			versionGroupType = wrapper.xcdatamodel;
		};
/* End XCVersionGroup section */
	};
	rootObject = 549903E8219EBCFE00407E18 /* Project object */;
}
