// !$*UTF8*$!
{
	archiveVersion = 1;
	classes = {
	};
	objectVersion = 50;
	objects = {

/* Begin PBXBuildFile section */
		D46366C82154DC7000A2DDBB /* AppDelegate.swift in Sources */ = {isa = PBXBuildFile; fileRef = D46366C72154DC7000A2DDBB /* AppDelegate.swift */; };
		D46366CA2154DC7000A2DDBB /* ViewController.swift in Sources */ = {isa = PBXBuildFile; fileRef = D46366C92154DC7000A2DDBB /* ViewController.swift */; };
		D46366CD2154DC7000A2DDBB /* Main.storyboard in Resources */ = {isa = PBXBuildFile; fileRef = D46366CB2154DC7000A2DDBB /* Main.storyboard */; };
		D46366CF2154DC7200A2DDBB /* Assets.xcassets in Resources */ = {isa = PBXBuildFile; fileRef = D46366CE2154DC7200A2DDBB /* Assets.xcassets */; };
		D46366D22154DC7200A2DDBB /* LaunchScreen.storyboard in Resources */ = {isa = PBXBuildFile; fileRef = D46366D02154DC7200A2DDBB /* LaunchScreen.storyboard */; };
		D46366DD2154DC7200A2DDBB /* calculatorTests.swift in Sources */ = {isa = PBXBuildFile; fileRef = D46366DC2154DC7200A2DDBB /* calculatorTests.swift */; };
		D46366E82154DC7200A2DDBB /* calculatorUITests.swift in Sources */ = {isa = PBXBuildFile; fileRef = D46366E72154DC7200A2DDBB /* calculatorUITests.swift */; };
/* End PBXBuildFile section */

/* Begin PBXContainerItemProxy section */
		D46366D92154DC7200A2DDBB /* PBXContainerItemProxy */ = {
			isa = PBXContainerItemProxy;
			containerPortal = D46366BC2154DC7000A2DDBB /* Project object */;
			proxyType = 1;
			remoteGlobalIDString = D46366C32154DC7000A2DDBB;
			remoteInfo = calculator;
		};
		D46366E42154DC7200A2DDBB /* PBXContainerItemProxy */ = {
			isa = PBXContainerItemProxy;
			containerPortal = D46366BC2154DC7000A2DDBB /* Project object */;
			proxyType = 1;
			remoteGlobalIDString = D46366C32154DC7000A2DDBB;
			remoteInfo = calculator;
		};
/* End PBXContainerItemProxy section */

/* Begin PBXFileReference section */
		D46366C42154DC7000A2DDBB /* calculator.app */ = {isa = PBXFileReference; explicitFileType = wrapper.application; includeInIndex = 0; path = calculator.app; sourceTree = BUILT_PRODUCTS_DIR; };
		D46366C72154DC7000A2DDBB /* AppDelegate.swift */ = {isa = PBXFileReference; lastKnownFileType = sourcecode.swift; path = AppDelegate.swift; sourceTree = "<group>"; };
		D46366C92154DC7000A2DDBB /* ViewController.swift */ = {isa = PBXFileReference; lastKnownFileType = sourcecode.swift; path = ViewController.swift; sourceTree = "<group>"; };
		D46366CC2154DC7000A2DDBB /* Base */ = {isa = PBXFileReference; lastKnownFileType = file.storyboard; name = Base; path = Base.lproj/Main.storyboard; sourceTree = "<group>"; };
		D46366CE2154DC7200A2DDBB /* Assets.xcassets */ = {isa = PBXFileReference; lastKnownFileType = folder.assetcatalog; path = Assets.xcassets; sourceTree = "<group>"; };
		D46366D12154DC7200A2DDBB /* Base */ = {isa = PBXFileReference; lastKnownFileType = file.storyboard; name = Base; path = Base.lproj/LaunchScreen.storyboard; sourceTree = "<group>"; };
		D46366D32154DC7200A2DDBB /* Info.plist */ = {isa = PBXFileReference; lastKnownFileType = text.plist.xml; path = Info.plist; sourceTree = "<group>"; };
		D46366D82154DC7200A2DDBB /* calculatorTests.xctest */ = {isa = PBXFileReference; explicitFileType = wrapper.cfbundle; includeInIndex = 0; path = calculatorTests.xctest; sourceTree = BUILT_PRODUCTS_DIR; };
		D46366DC2154DC7200A2DDBB /* calculatorTests.swift */ = {isa = PBXFileReference; lastKnownFileType = sourcecode.swift; path = calculatorTests.swift; sourceTree = "<group>"; };
		D46366DE2154DC7200A2DDBB /* Info.plist */ = {isa = PBXFileReference; lastKnownFileType = text.plist.xml; path = Info.plist; sourceTree = "<group>"; };
		D46366E32154DC7200A2DDBB /* calculatorUITests.xctest */ = {isa = PBXFileReference; explicitFileType = wrapper.cfbundle; includeInIndex = 0; path = calculatorUITests.xctest; sourceTree = BUILT_PRODUCTS_DIR; };
		D46366E72154DC7200A2DDBB /* calculatorUITests.swift */ = {isa = PBXFileReference; lastKnownFileType = sourcecode.swift; path = calculatorUITests.swift; sourceTree = "<group>"; };
		D46366E92154DC7200A2DDBB /* Info.plist */ = {isa = PBXFileReference; lastKnownFileType = text.plist.xml; path = Info.plist; sourceTree = "<group>"; };
/* End PBXFileReference section */

/* Begin PBXFrameworksBuildPhase section */
		D46366C12154DC7000A2DDBB /* Frameworks */ = {
			isa = PBXFrameworksBuildPhase;
			buildActionMask = 2147483647;
			files = (
			);
			runOnlyForDeploymentPostprocessing = 0;
		};
		D46366D52154DC7200A2DDBB /* Frameworks */ = {
			isa = PBXFrameworksBuildPhase;
			buildActionMask = 2147483647;
			files = (
			);
			runOnlyForDeploymentPostprocessing = 0;
		};
		D46366E02154DC7200A2DDBB /* Frameworks */ = {
			isa = PBXFrameworksBuildPhase;
			buildActionMask = 2147483647;
			files = (
			);
			runOnlyForDeploymentPostprocessing = 0;
		};
/* End PBXFrameworksBuildPhase section */

/* Begin PBXGroup section */
		D46366BB2154DC7000A2DDBB = {
			isa = PBXGroup;
			children = (
				D46366C62154DC7000A2DDBB /* calculator */,
				D46366DB2154DC7200A2DDBB /* calculatorTests */,
				D46366E62154DC7200A2DDBB /* calculatorUITests */,
				D46366C52154DC7000A2DDBB /* Products */,
			);
			sourceTree = "<group>";
		};
		D46366C52154DC7000A2DDBB /* Products */ = {
			isa = PBXGroup;
			children = (
				D46366C42154DC7000A2DDBB /* calculator.app */,
				D46366D82154DC7200A2DDBB /* calculatorTests.xctest */,
				D46366E32154DC7200A2DDBB /* calculatorUITests.xctest */,
			);
			name = Products;
			sourceTree = "<group>";
		};
		D46366C62154DC7000A2DDBB /* calculator */ = {
			isa = PBXGroup;
			children = (
				D46366C72154DC7000A2DDBB /* AppDelegate.swift */,
				D46366C92154DC7000A2DDBB /* ViewController.swift */,
				D46366CB2154DC7000A2DDBB /* Main.storyboard */,
				D46366CE2154DC7200A2DDBB /* Assets.xcassets */,
				D46366D02154DC7200A2DDBB /* LaunchScreen.storyboard */,
				D46366D32154DC7200A2DDBB /* Info.plist */,
			);
			path = calculator;
			sourceTree = "<group>";
		};
		D46366DB2154DC7200A2DDBB /* calculatorTests */ = {
			isa = PBXGroup;
			children = (
				D46366DC2154DC7200A2DDBB /* calculatorTests.swift */,
				D46366DE2154DC7200A2DDBB /* Info.plist */,
			);
			path = calculatorTests;
			sourceTree = "<group>";
		};
		D46366E62154DC7200A2DDBB /* calculatorUITests */ = {
			isa = PBXGroup;
			children = (
				D46366E72154DC7200A2DDBB /* calculatorUITests.swift */,
				D46366E92154DC7200A2DDBB /* Info.plist */,
			);
			path = calculatorUITests;
			sourceTree = "<group>";
		};
/* End PBXGroup section */

/* Begin PBXNativeTarget section */
		D46366C32154DC7000A2DDBB /* calculator */ = {
			isa = PBXNativeTarget;
			buildConfigurationList = D46366EC2154DC7200A2DDBB /* Build configuration list for PBXNativeTarget "calculator" */;
			buildPhases = (
				D46366C02154DC7000A2DDBB /* Sources */,
				D46366C12154DC7000A2DDBB /* Frameworks */,
				D46366C22154DC7000A2DDBB /* Resources */,
			);
			buildRules = (
			);
			dependencies = (
			);
			name = calculator;
			productName = calculator;
			productReference = D46366C42154DC7000A2DDBB /* calculator.app */;
			productType = "com.apple.product-type.application";
		};
		D46366D72154DC7200A2DDBB /* calculatorTests */ = {
			isa = PBXNativeTarget;
			buildConfigurationList = D46366EF2154DC7200A2DDBB /* Build configuration list for PBXNativeTarget "calculatorTests" */;
			buildPhases = (
				D46366D42154DC7200A2DDBB /* Sources */,
				D46366D52154DC7200A2DDBB /* Frameworks */,
				D46366D62154DC7200A2DDBB /* Resources */,
			);
			buildRules = (
			);
			dependencies = (
				D46366DA2154DC7200A2DDBB /* PBXTargetDependency */,
			);
			name = calculatorTests;
			productName = calculatorTests;
			productReference = D46366D82154DC7200A2DDBB /* calculatorTests.xctest */;
			productType = "com.apple.product-type.bundle.unit-test";
		};
		D46366E22154DC7200A2DDBB /* calculatorUITests */ = {
			isa = PBXNativeTarget;
			buildConfigurationList = D46366F22154DC7200A2DDBB /* Build configuration list for PBXNativeTarget "calculatorUITests" */;
			buildPhases = (
				D46366DF2154DC7200A2DDBB /* Sources */,
				D46366E02154DC7200A2DDBB /* Frameworks */,
				D46366E12154DC7200A2DDBB /* Resources */,
			);
			buildRules = (
			);
			dependencies = (
				D46366E52154DC7200A2DDBB /* PBXTargetDependency */,
			);
			name = calculatorUITests;
			productName = calculatorUITests;
			productReference = D46366E32154DC7200A2DDBB /* calculatorUITests.xctest */;
			productType = "com.apple.product-type.bundle.ui-testing";
		};
/* End PBXNativeTarget section */

/* Begin PBXProject section */
		D46366BC2154DC7000A2DDBB /* Project object */ = {
			isa = PBXProject;
			attributes = {
				LastSwiftUpdateCheck = 0940;
				LastUpgradeCheck = 0940;
				ORGANIZATIONNAME = "杨大侠";
				TargetAttributes = {
					D46366C32154DC7000A2DDBB = {
						CreatedOnToolsVersion = 9.4.1;
					};
					D46366D72154DC7200A2DDBB = {
						CreatedOnToolsVersion = 9.4.1;
						TestTargetID = D46366C32154DC7000A2DDBB;
					};
					D46366E22154DC7200A2DDBB = {
						CreatedOnToolsVersion = 9.4.1;
						TestTargetID = D46366C32154DC7000A2DDBB;
					};
				};
			};
			buildConfigurationList = D46366BF2154DC7000A2DDBB /* Build configuration list for PBXProject "calculator" */;
			compatibilityVersion = "Xcode 9.3";
			developmentRegion = en;
			hasScannedForEncodings = 0;
			knownRegions = (
				en,
				Base,
			);
			mainGroup = D46366BB2154DC7000A2DDBB;
			productRefGroup = D46366C52154DC7000A2DDBB /* Products */;
			projectDirPath = "";
			projectRoot = "";
			targets = (
				D46366C32154DC7000A2DDBB /* calculator */,
				D46366D72154DC7200A2DDBB /* calculatorTests */,
				D46366E22154DC7200A2DDBB /* calculatorUITests */,
			);
		};
/* End PBXProject section */

/* Begin PBXResourcesBuildPhase section */
		D46366C22154DC7000A2DDBB /* Resources */ = {
			isa = PBXResourcesBuildPhase;
			buildActionMask = 2147483647;
			files = (
				D46366D22154DC7200A2DDBB /* LaunchScreen.storyboard in Resources */,
				D46366CF2154DC7200A2DDBB /* Assets.xcassets in Resources */,
				D46366CD2154DC7000A2DDBB /* Main.storyboard in Resources */,
			);
			runOnlyForDeploymentPostprocessing = 0;
		};
		D46366D62154DC7200A2DDBB /* Resources */ = {
			isa = PBXResourcesBuildPhase;
			buildActionMask = 2147483647;
			files = (
			);
			runOnlyForDeploymentPostprocessing = 0;
		};
		D46366E12154DC7200A2DDBB /* Resources */ = {
			isa = PBXResourcesBuildPhase;
			buildActionMask = 2147483647;
			files = (
			);
			runOnlyForDeploymentPostprocessing = 0;
		};
/* End PBXResourcesBuildPhase section */

/* Begin PBXSourcesBuildPhase section */
		D46366C02154DC7000A2DDBB /* Sources */ = {
			isa = PBXSourcesBuildPhase;
			buildActionMask = 2147483647;
			files = (
				D46366CA2154DC7000A2DDBB /* ViewController.swift in Sources */,
				D46366C82154DC7000A2DDBB /* AppDelegate.swift in Sources */,
			);
			runOnlyForDeploymentPostprocessing = 0;
		};
		D46366D42154DC7200A2DDBB /* Sources */ = {
			isa = PBXSourcesBuildPhase;
			buildActionMask = 2147483647;
			files = (
				D46366DD2154DC7200A2DDBB /* calculatorTests.swift in Sources */,
			);
			runOnlyForDeploymentPostprocessing = 0;
		};
		D46366DF2154DC7200A2DDBB /* Sources */ = {
			isa = PBXSourcesBuildPhase;
			buildActionMask = 2147483647;
			files = (
				D46366E82154DC7200A2DDBB /* calculatorUITests.swift in Sources */,
			);
			runOnlyForDeploymentPostprocessing = 0;
		};
/* End PBXSourcesBuildPhase section */

/* Begin PBXTargetDependency section */
		D46366DA2154DC7200A2DDBB /* PBXTargetDependency */ = {
			isa = PBXTargetDependency;
			target = D46366C32154DC7000A2DDBB /* calculator */;
			targetProxy = D46366D92154DC7200A2DDBB /* PBXContainerItemProxy */;
		};
		D46366E52154DC7200A2DDBB /* PBXTargetDependency */ = {
			isa = PBXTargetDependency;
			target = D46366C32154DC7000A2DDBB /* calculator */;
			targetProxy = D46366E42154DC7200A2DDBB /* PBXContainerItemProxy */;
		};
/* End PBXTargetDependency section */

/* Begin PBXVariantGroup section */
		D46366CB2154DC7000A2DDBB /* Main.storyboard */ = {
			isa = PBXVariantGroup;
			children = (
				D46366CC2154DC7000A2DDBB /* Base */,
			);
			name = Main.storyboard;
			sourceTree = "<group>";
		};
		D46366D02154DC7200A2DDBB /* LaunchScreen.storyboard */ = {
			isa = PBXVariantGroup;
			children = (
				D46366D12154DC7200A2DDBB /* Base */,
			);
			name = LaunchScreen.storyboard;
			sourceTree = "<group>";
		};
/* End PBXVariantGroup section */

/* Begin XCBuildConfiguration section */
		D46366EA2154DC7200A2DDBB /* Debug */ = {
			isa = XCBuildConfiguration;
			buildSettings = {
				ALWAYS_SEARCH_USER_PATHS = NO;
				CLANG_ANALYZER_NONNULL = YES;
				CLANG_ANALYZER_NUMBER_OBJECT_CONVERSION = YES_AGGRESSIVE;
				CLANG_CXX_LANGUAGE_STANDARD = "gnu++14";
				CLANG_CXX_LIBRARY = "libc++";
				CLANG_ENABLE_MODULES = YES;
				CLANG_ENABLE_OBJC_ARC = YES;
				CLANG_ENABLE_OBJC_WEAK = YES;
				CLANG_WARN_BLOCK_CAPTURE_AUTORELEASING = YES;
				CLANG_WARN_BOOL_CONVERSION = YES;
				CLANG_WARN_COMMA = YES;
				CLANG_WARN_CONSTANT_CONVERSION = YES;
				CLANG_WARN_DEPRECATED_OBJC_IMPLEMENTATIONS = YES;
				CLANG_WARN_DIRECT_OBJC_ISA_USAGE = YES_ERROR;
				CLANG_WARN_DOCUMENTATION_COMMENTS = YES;
				CLANG_WARN_EMPTY_BODY = YES;
				CLANG_WARN_ENUM_CONVERSION = YES;
				CLANG_WARN_INFINITE_RECURSION = YES;
				CLANG_WARN_INT_CONVERSION = YES;
				CLANG_WARN_NON_LITERAL_NULL_CONVERSION = YES;
				CLANG_WARN_OBJC_IMPLICIT_RETAIN_SELF = YES;
				CLANG_WARN_OBJC_LITERAL_CONVERSION = YES;
				CLANG_WARN_OBJC_ROOT_CLASS = YES_ERROR;
				CLANG_WARN_RANGE_LOOP_ANALYSIS = YES;
				CLANG_WARN_STRICT_PROTOTYPES = YES;
				CLANG_WARN_SUSPICIOUS_MOVE = YES;
				CLANG_WARN_UNGUARDED_AVAILABILITY = YES_AGGRESSIVE;
				CLANG_WARN_UNREACHABLE_CODE = YES;
				CLANG_WARN__DUPLICATE_METHOD_MATCH = YES;
				CODE_SIGN_IDENTITY = "iPhone Developer";
				COPY_PHASE_STRIP = NO;
				DEBUG_INFORMATION_FORMAT = dwarf;
				ENABLE_STRICT_OBJC_MSGSEND = YES;
				ENABLE_TESTABILITY = YES;
				GCC_C_LANGUAGE_STANDARD = gnu11;
				GCC_DYNAMIC_NO_PIC = NO;
				GCC_NO_COMMON_BLOCKS = YES;
				GCC_OPTIMIZATION_LEVEL = 0;
				GCC_PREPROCESSOR_DEFINITIONS = (
					"DEBUG=1",
					"$(inherited)",
				);
				GCC_WARN_64_TO_32_BIT_CONVERSION = YES;
				GCC_WARN_ABOUT_RETURN_TYPE = YES_ERROR;
				GCC_WARN_UNDECLARED_SELECTOR = YES;
				GCC_WARN_UNINITIALIZED_AUTOS = YES_AGGRESSIVE;
				GCC_WARN_UNUSED_FUNCTION = YES;
				GCC_WARN_UNUSED_VARIABLE = YES;
				IPHONEOS_DEPLOYMENT_TARGET = 11.4;
				MTL_ENABLE_DEBUG_INFO = YES;
				ONLY_ACTIVE_ARCH = YES;
				SDKROOT = iphoneos;
				SWIFT_ACTIVE_COMPILATION_CONDITIONS = DEBUG;
				SWIFT_OPTIMIZATION_LEVEL = "-Onone";
			};
			name = Debug;
		};
		D46366EB2154DC7200A2DDBB /* Release */ = {
			isa = XCBuildConfiguration;
			buildSettings = {
				ALWAYS_SEARCH_USER_PATHS = NO;
				CLANG_ANALYZER_NONNULL = YES;
				CLANG_ANALYZER_NUMBER_OBJECT_CONVERSION = YES_AGGRESSIVE;
				CLANG_CXX_LANGUAGE_STANDARD = "gnu++14";
				CLANG_CXX_LIBRARY = "libc++";
				CLANG_ENABLE_MODULES = YES;
				CLANG_ENABLE_OBJC_ARC = YES;
				CLANG_ENABLE_OBJC_WEAK = YES;
				CLANG_WARN_BLOCK_CAPTURE_AUTORELEASING = YES;
				CLANG_WARN_BOOL_CONVERSION = YES;
				CLANG_WARN_COMMA = YES;
				CLANG_WARN_CONSTANT_CONVERSION = YES;
				CLANG_WARN_DEPRECATED_OBJC_IMPLEMENTATIONS = YES;
				CLANG_WARN_DIRECT_OBJC_ISA_USAGE = YES_ERROR;
				CLANG_WARN_DOCUMENTATION_COMMENTS = YES;
				CLANG_WARN_EMPTY_BODY = YES;
				CLANG_WARN_ENUM_CONVERSION = YES;
				CLANG_WARN_INFINITE_RECURSION = YES;
				CLANG_WARN_INT_CONVERSION = YES;
				CLANG_WARN_NON_LITERAL_NULL_CONVERSION = YES;
				CLANG_WARN_OBJC_IMPLICIT_RETAIN_SELF = YES;
				CLANG_WARN_OBJC_LITERAL_CONVERSION = YES;
				CLANG_WARN_OBJC_ROOT_CLASS = YES_ERROR;
				CLANG_WARN_RANGE_LOOP_ANALYSIS = YES;
				CLANG_WARN_STRICT_PROTOTYPES = YES;
				CLANG_WARN_SUSPICIOUS_MOVE = YES;
				CLANG_WARN_UNGUARDED_AVAILABILITY = YES_AGGRESSIVE;
				CLANG_WARN_UNREACHABLE_CODE = YES;
				CLANG_WARN__DUPLICATE_METHOD_MATCH = YES;
				CODE_SIGN_IDENTITY = "iPhone Developer";
				COPY_PHASE_STRIP = NO;
				DEBUG_INFORMATION_FORMAT = "dwarf-with-dsym";
				ENABLE_NS_ASSERTIONS = NO;
				ENABLE_STRICT_OBJC_MSGSEND = YES;
				GCC_C_LANGUAGE_STANDARD = gnu11;
				GCC_NO_COMMON_BLOCKS = YES;
				GCC_WARN_64_TO_32_BIT_CONVERSION = YES;
				GCC_WARN_ABOUT_RETURN_TYPE = YES_ERROR;
				GCC_WARN_UNDECLARED_SELECTOR = YES;
				GCC_WARN_UNINITIALIZED_AUTOS = YES_AGGRESSIVE;
				GCC_WARN_UNUSED_FUNCTION = YES;
				GCC_WARN_UNUSED_VARIABLE = YES;
				IPHONEOS_DEPLOYMENT_TARGET = 11.4;
				MTL_ENABLE_DEBUG_INFO = NO;
				SDKROOT = iphoneos;
				SWIFT_COMPILATION_MODE = wholemodule;
				SWIFT_OPTIMIZATION_LEVEL = "-O";
				VALIDATE_PRODUCT = YES;
			};
			name = Release;
		};
		D46366ED2154DC7200A2DDBB /* Debug */ = {
			isa = XCBuildConfiguration;
			buildSettings = {
				ASSETCATALOG_COMPILER_APPICON_NAME = AppIcon;
				CODE_SIGN_STYLE = Automatic;
				INFOPLIST_FILE = calculator/Info.plist;
				LD_RUNPATH_SEARCH_PATHS = (
					"$(inherited)",
					"@executable_path/Frameworks",
				);
				PRODUCT_BUNDLE_IDENTIFIER = imnu.edu.cn.calculator;
				PRODUCT_NAME = "$(TARGET_NAME)";
				SWIFT_VERSION = 4.0;
				TARGETED_DEVICE_FAMILY = "1,2";
			};
			name = Debug;
		};
		D46366EE2154DC7200A2DDBB /* Release */ = {
			isa = XCBuildConfiguration;
			buildSettings = {
				ASSETCATALOG_COMPILER_APPICON_NAME = AppIcon;
				CODE_SIGN_STYLE = Automatic;
				INFOPLIST_FILE = calculator/Info.plist;
				LD_RUNPATH_SEARCH_PATHS = (
					"$(inherited)",
					"@executable_path/Frameworks",
				);
				PRODUCT_BUNDLE_IDENTIFIER = imnu.edu.cn.calculator;
				PRODUCT_NAME = "$(TARGET_NAME)";
				SWIFT_VERSION = 4.0;
				TARGETED_DEVICE_FAMILY = "1,2";
			};
			name = Release;
		};
		D46366F02154DC7200A2DDBB /* Debug */ = {
			isa = XCBuildConfiguration;
			buildSettings = {
				ALWAYS_EMBED_SWIFT_STANDARD_LIBRARIES = YES;
				BUNDLE_LOADER = "$(TEST_HOST)";
				CODE_SIGN_STYLE = Automatic;
				INFOPLIST_FILE = calculatorTests/Info.plist;
				LD_RUNPATH_SEARCH_PATHS = (
					"$(inherited)",
					"@executable_path/Frameworks",
					"@loader_path/Frameworks",
				);
				PRODUCT_BUNDLE_IDENTIFIER = imnu.edu.cn.calculatorTests;
				PRODUCT_NAME = "$(TARGET_NAME)";
				SWIFT_VERSION = 4.0;
				TARGETED_DEVICE_FAMILY = "1,2";
				TEST_HOST = "$(BUILT_PRODUCTS_DIR)/calculator.app/calculator";
			};
			name = Debug;
		};
		D46366F12154DC7200A2DDBB /* Release */ = {
			isa = XCBuildConfiguration;
			buildSettings = {
				ALWAYS_EMBED_SWIFT_STANDARD_LIBRARIES = YES;
				BUNDLE_LOADER = "$(TEST_HOST)";
				CODE_SIGN_STYLE = Automatic;
				INFOPLIST_FILE = calculatorTests/Info.plist;
				LD_RUNPATH_SEARCH_PATHS = (
					"$(inherited)",
					"@executable_path/Frameworks",
					"@loader_path/Frameworks",
				);
				PRODUCT_BUNDLE_IDENTIFIER = imnu.edu.cn.calculatorTests;
				PRODUCT_NAME = "$(TARGET_NAME)";
				SWIFT_VERSION = 4.0;
				TARGETED_DEVICE_FAMILY = "1,2";
				TEST_HOST = "$(BUILT_PRODUCTS_DIR)/calculator.app/calculator";
			};
			name = Release;
		};
		D46366F32154DC7200A2DDBB /* Debug */ = {
			isa = XCBuildConfiguration;
			buildSettings = {
				ALWAYS_EMBED_SWIFT_STANDARD_LIBRARIES = YES;
				CODE_SIGN_STYLE = Automatic;
				INFOPLIST_FILE = calculatorUITests/Info.plist;
				LD_RUNPATH_SEARCH_PATHS = (
					"$(inherited)",
					"@executable_path/Frameworks",
					"@loader_path/Frameworks",
				);
				PRODUCT_BUNDLE_IDENTIFIER = imnu.edu.cn.calculatorUITests;
				PRODUCT_NAME = "$(TARGET_NAME)";
				SWIFT_VERSION = 4.0;
				TARGETED_DEVICE_FAMILY = "1,2";
				TEST_TARGET_NAME = calculator;
			};
			name = Debug;
		};
		D46366F42154DC7200A2DDBB /* Release */ = {
			isa = XCBuildConfiguration;
			buildSettings = {
				ALWAYS_EMBED_SWIFT_STANDARD_LIBRARIES = YES;
				CODE_SIGN_STYLE = Automatic;
				INFOPLIST_FILE = calculatorUITests/Info.plist;
				LD_RUNPATH_SEARCH_PATHS = (
					"$(inherited)",
					"@executable_path/Frameworks",
					"@loader_path/Frameworks",
				);
				PRODUCT_BUNDLE_IDENTIFIER = imnu.edu.cn.calculatorUITests;
				PRODUCT_NAME = "$(TARGET_NAME)";
				SWIFT_VERSION = 4.0;
				TARGETED_DEVICE_FAMILY = "1,2";
				TEST_TARGET_NAME = calculator;
			};
			name = Release;
		};
/* End XCBuildConfiguration section */

/* Begin XCConfigurationList section */
		D46366BF2154DC7000A2DDBB /* Build configuration list for PBXProject "calculator" */ = {
			isa = XCConfigurationList;
			buildConfigurations = (
				D46366EA2154DC7200A2DDBB /* Debug */,
				D46366EB2154DC7200A2DDBB /* Release */,
			);
			defaultConfigurationIsVisible = 0;
			defaultConfigurationName = Release;
		};
		D46366EC2154DC7200A2DDBB /* Build configuration list for PBXNativeTarget "calculator" */ = {
			isa = XCConfigurationList;
			buildConfigurations = (
				D46366ED2154DC7200A2DDBB /* Debug */,
				D46366EE2154DC7200A2DDBB /* Release */,
			);
			defaultConfigurationIsVisible = 0;
			defaultConfigurationName = Release;
		};
		D46366EF2154DC7200A2DDBB /* Build configuration list for PBXNativeTarget "calculatorTests" */ = {
			isa = XCConfigurationList;
			buildConfigurations = (
				D46366F02154DC7200A2DDBB /* Debug */,
				D46366F12154DC7200A2DDBB /* Release */,
			);
			defaultConfigurationIsVisible = 0;
			defaultConfigurationName = Release;
		};
		D46366F22154DC7200A2DDBB /* Build configuration list for PBXNativeTarget "calculatorUITests" */ = {
			isa = XCConfigurationList;
			buildConfigurations = (
				D46366F32154DC7200A2DDBB /* Debug */,
				D46366F42154DC7200A2DDBB /* Release */,
			);
			defaultConfigurationIsVisible = 0;
			defaultConfigurationName = Release;
		};
/* End XCConfigurationList section */
	};
	rootObject = D46366BC2154DC7000A2DDBB /* Project object */;
}
